// !$*UTF8*$!
{
	archiveVersion = 1;
	classes = {
	};
	objectVersion = 54;
	objects = {

/* Begin PBXBuildFile section */
		568A2C77224BD85B005DAD9E /* AppDelegate.swift in Sources */ = {isa = PBXBuildFile; fileRef = 568A2C76224BD85B005DAD9E /* AppDelegate.swift */; };
		568A2C79224BD85B005DAD9E /* ViewController.swift in Sources */ = {isa = PBXBuildFile; fileRef = 568A2C78224BD85B005DAD9E /* ViewController.swift */; };
		568A2C7C224BD85B005DAD9E /* Main.storyboard in Resources */ = {isa = PBXBuildFile; fileRef = 568A2C7A224BD85B005DAD9E /* Main.storyboard */; };
		568A2C7E224BD85D005DAD9E /* Assets.xcassets in Resources */ = {isa = PBXBuildFile; fileRef = 568A2C7D224BD85D005DAD9E /* Assets.xcassets */; };
		568A2C81224BD85D005DAD9E /* LaunchScreen.storyboard in Resources */ = {isa = PBXBuildFile; fileRef = 568A2C7F224BD85D005DAD9E /* LaunchScreen.storyboard */; };
/* End PBXBuildFile section */

/* Begin PBXFileReference section */
		568A2C73224BD85B005DAD9E /* TestBuildAndSign.app */ = {isa = PBXFileReference; explicitFileType = wrapper.application; includeInIndex = 0; path = TestBuildAndSign.app; sourceTree = BUILT_PRODUCTS_DIR; };
		568A2C76224BD85B005DAD9E /* AppDelegate.swift */ = {isa = PBXFileReference; lastKnownFileType = sourcecode.swift; path = AppDelegate.swift; sourceTree = "<group>"; };
		568A2C78224BD85B005DAD9E /* ViewController.swift */ = {isa = PBXFileReference; lastKnownFileType = sourcecode.swift; path = ViewController.swift; sourceTree = "<group>"; };
		568A2C7B224BD85B005DAD9E /* Base */ = {isa = PBXFileReference; lastKnownFileType = file.storyboard; name = Base; path = Base.lproj/Main.storyboard; sourceTree = "<group>"; };
		568A2C7D224BD85D005DAD9E /* Assets.xcassets */ = {isa = PBXFileReference; lastKnownFileType = folder.assetcatalog; path = Assets.xcassets; sourceTree = "<group>"; };
		568A2C80224BD85D005DAD9E /* Base */ = {isa = PBXFileReference; lastKnownFileType = file.storyboard; name = Base; path = Base.lproj/LaunchScreen.storyboard; sourceTree = "<group>"; };
		568A2C82224BD85D005DAD9E /* Info.plist */ = {isa = PBXFileReference; lastKnownFileType = text.plist.xml; path = Info.plist; sourceTree = "<group>"; };
		56AF107C26CAD14C003B5A64 /* TestBuildAndSign.entitlements */ = {isa = PBXFileReference; lastKnownFileType = text.plist.entitlements; path = TestBuildAndSign.entitlements; sourceTree = "<group>"; };
/* End PBXFileReference section */

/* Begin PBXFrameworksBuildPhase section */
		568A2C70224BD85B005DAD9E /* Frameworks */ = {
			isa = PBXFrameworksBuildPhase;
			buildActionMask = 2147483647;
			files = (
			);
			runOnlyForDeploymentPostprocessing = 0;
		};
/* End PBXFrameworksBuildPhase section */

/* Begin PBXGroup section */
		568A2C6A224BD85B005DAD9E = {
			isa = PBXGroup;
			children = (
				568A2C75224BD85B005DAD9E /* TestBuildAndSign */,
				568A2C74224BD85B005DAD9E /* Products */,
			);
			sourceTree = "<group>";
		};
		568A2C74224BD85B005DAD9E /* Products */ = {
			isa = PBXGroup;
			children = (
				568A2C73224BD85B005DAD9E /* TestBuildAndSign.app */,
			);
			name = Products;
			sourceTree = "<group>";
		};
		568A2C75224BD85B005DAD9E /* TestBuildAndSign */ = {
			isa = PBXGroup;
			children = (
				56AF107C26CAD14C003B5A64 /* TestBuildAndSign.entitlements */,
				568A2C76224BD85B005DAD9E /* AppDelegate.swift */,
				568A2C78224BD85B005DAD9E /* ViewController.swift */,
				568A2C7A224BD85B005DAD9E /* Main.storyboard */,
				568A2C7D224BD85D005DAD9E /* Assets.xcassets */,
				568A2C7F224BD85D005DAD9E /* LaunchScreen.storyboard */,
				568A2C82224BD85D005DAD9E /* Info.plist */,
			);
			path = TestBuildAndSign;
			sourceTree = "<group>";
		};
/* End PBXGroup section */

/* Begin PBXNativeTarget section */
		568A2C72224BD85B005DAD9E /* TestBuildAndSign */ = {
			isa = PBXNativeTarget;
			buildConfigurationList = 568A2C85224BD85D005DAD9E /* Build configuration list for PBXNativeTarget "TestBuildAndSign" */;
			buildPhases = (
				568A2C6F224BD85B005DAD9E /* Sources */,
				568A2C70224BD85B005DAD9E /* Frameworks */,
				568A2C71224BD85B005DAD9E /* Resources */,
			);
			buildRules = (
			);
			dependencies = (
			);
			name = TestBuildAndSign;
			productName = TestBuildAndSign;
			productReference = 568A2C73224BD85B005DAD9E /* TestBuildAndSign.app */;
			productType = "com.apple.product-type.application";
		};
/* End PBXNativeTarget section */

/* Begin PBXProject section */
		568A2C6B224BD85B005DAD9E /* Project object */ = {
			isa = PBXProject;
			attributes = {
				LastSwiftUpdateCheck = 1020;
				LastUpgradeCheck = 1020;
				ORGANIZATIONNAME = "Jason Leach";
				TargetAttributes = {
					568A2C72224BD85B005DAD9E = {
						CreatedOnToolsVersion = 10.2;
					};
				};
			};
			buildConfigurationList = 568A2C6E224BD85B005DAD9E /* Build configuration list for PBXProject "TestBuildAndSign" */;
			compatibilityVersion = "Xcode 12.0";
			developmentRegion = en;
			hasScannedForEncodings = 0;
			knownRegions = (
				en,
				Base,
			);
			mainGroup = 568A2C6A224BD85B005DAD9E;
			productRefGroup = 568A2C74224BD85B005DAD9E /* Products */;
			projectDirPath = "";
			projectRoot = "";
			targets = (
				568A2C72224BD85B005DAD9E /* TestBuildAndSign */,
			);
		};
/* End PBXProject section */

/* Begin PBXResourcesBuildPhase section */
		568A2C71224BD85B005DAD9E /* Resources */ = {
			isa = PBXResourcesBuildPhase;
			buildActionMask = 2147483647;
			files = (
				568A2C81224BD85D005DAD9E /* LaunchScreen.storyboard in Resources */,
				568A2C7E224BD85D005DAD9E /* Assets.xcassets in Resources */,
				568A2C7C224BD85B005DAD9E /* Main.storyboard in Resources */,
			);
			runOnlyForDeploymentPostprocessing = 0;
		};
/* End PBXResourcesBuildPhase section */

/* Begin PBXSourcesBuildPhase section */
		568A2C6F224BD85B005DAD9E /* Sources */ = {
			isa = PBXSourcesBuildPhase;
			buildActionMask = 2147483647;
			files = (
				568A2C79224BD85B005DAD9E /* ViewController.swift in Sources */,
				568A2C77224BD85B005DAD9E /* AppDelegate.swift in Sources */,
			);
			runOnlyForDeploymentPostprocessing = 0;
		};
/* End PBXSourcesBuildPhase section */

/* Begin PBXVariantGroup section */
		568A2C7A224BD85B005DAD9E /* Main.storyboard */ = {
			isa = PBXVariantGroup;
			children = (
				568A2C7B224BD85B005DAD9E /* Base */,
			);
			name = Main.storyboard;
			sourceTree = "<group>";
		};
		568A2C7F224BD85D005DAD9E /* LaunchScreen.storyboard */ = {
			isa = PBXVariantGroup;
			children = (
				568A2C80224BD85D005DAD9E /* Base */,
			);
			name = LaunchScreen.storyboard;
			sourceTree = "<group>";
		};
/* End PBXVariantGroup section */

/* Begin XCBuildConfiguration section */
		568A2C83224BD85D005DAD9E /* Debug */ = {
			isa = XCBuildConfiguration;
			buildSettings = {
				ALWAYS_SEARCH_USER_PATHS = NO;
				CLANG_ANALYZER_NONNULL = YES;
				CLANG_ANALYZER_NUMBER_OBJECT_CONVERSION = YES_AGGRESSIVE;
				CLANG_CXX_LANGUAGE_STANDARD = "gnu++14";
				CLANG_CXX_LIBRARY = "libc++";
				CLANG_ENABLE_MODULES = YES;
				CLANG_ENABLE_OBJC_ARC = YES;
				CLANG_ENABLE_OBJC_WEAK = YES;
				CLANG_WARN_BLOCK_CAPTURE_AUTORELEASING = YES;
				CLANG_WARN_BOOL_CONVERSION = YES;
				CLANG_WARN_COMMA = YES;
				CLANG_WARN_CONSTANT_CONVERSION = YES;
				CLANG_WARN_DEPRECATED_OBJC_IMPLEMENTATIONS = YES;
				CLANG_WARN_DIRECT_OBJC_ISA_USAGE = YES_ERROR;
				CLANG_WARN_DOCUMENTATION_COMMENTS = YES;
				CLANG_WARN_EMPTY_BODY = YES;
				CLANG_WARN_ENUM_CONVERSION = YES;
				CLANG_WARN_INFINITE_RECURSION = YES;
				CLANG_WARN_INT_CONVERSION = YES;
				CLANG_WARN_NON_LITERAL_NULL_CONVERSION = YES;
				CLANG_WARN_OBJC_IMPLICIT_RETAIN_SELF = YES;
				CLANG_WARN_OBJC_LITERAL_CONVERSION = YES;
				CLANG_WARN_OBJC_ROOT_CLASS = YES_ERROR;
				CLANG_WARN_RANGE_LOOP_ANALYSIS = YES;
				CLANG_WARN_STRICT_PROTOTYPES = YES;
				CLANG_WARN_SUSPICIOUS_MOVE = YES;
				CLANG_WARN_UNGUARDED_AVAILABILITY = YES_AGGRESSIVE;
				CLANG_WARN_UNREACHABLE_CODE = YES;
				CLANG_WARN__DUPLICATE_METHOD_MATCH = YES;
				CODE_SIGN_IDENTITY = "iPhone Developer";
				COPY_PHASE_STRIP = NO;
				DEBUG_INFORMATION_FORMAT = dwarf;
				ENABLE_STRICT_OBJC_MSGSEND = YES;
				ENABLE_TESTABILITY = YES;
				GCC_C_LANGUAGE_STANDARD = gnu11;
				GCC_DYNAMIC_NO_PIC = NO;
				GCC_NO_COMMON_BLOCKS = YES;
				GCC_OPTIMIZATION_LEVEL = 0;
				GCC_PREPROCESSOR_DEFINITIONS = (
					"DEBUG=1",
					"$(inherited)",
				);
				GCC_WARN_64_TO_32_BIT_CONVERSION = YES;
				GCC_WARN_ABOUT_RETURN_TYPE = YES_ERROR;
				GCC_WARN_UNDECLARED_SELECTOR = YES;
				GCC_WARN_UNINITIALIZED_AUTOS = YES_AGGRESSIVE;
				GCC_WARN_UNUSED_FUNCTION = YES;
				GCC_WARN_UNUSED_VARIABLE = YES;
				IPHONEOS_DEPLOYMENT_TARGET = 12.2;
				MTL_ENABLE_DEBUG_INFO = INCLUDE_SOURCE;
				MTL_FAST_MATH = YES;
				ONLY_ACTIVE_ARCH = YES;
				SDKROOT = iphoneos;
				SWIFT_ACTIVE_COMPILATION_CONDITIONS = DEBUG;
				SWIFT_OPTIMIZATION_LEVEL = "-Onone";
			};
			name = Debug;
		};
		568A2C84224BD85D005DAD9E /* Release */ = {
			isa = XCBuildConfiguration;
			buildSettings = {
				ALWAYS_SEARCH_USER_PATHS = NO;
				CLANG_ANALYZER_NONNULL = YES;
				CLANG_ANALYZER_NUMBER_OBJECT_CONVERSION = YES_AGGRESSIVE;
				CLANG_CXX_LANGUAGE_STANDARD = "gnu++14";
				CLANG_CXX_LIBRARY = "libc++";
				CLANG_ENABLE_MODULES = YES;
				CLANG_ENABLE_OBJC_ARC = YES;
				CLANG_ENABLE_OBJC_WEAK = YES;
				CLANG_WARN_BLOCK_CAPTURE_AUTORELEASING = YES;
				CLANG_WARN_BOOL_CONVERSION = YES;
				CLANG_WARN_COMMA = YES;
				CLANG_WARN_CONSTANT_CONVERSION = YES;
				CLANG_WARN_DEPRECATED_OBJC_IMPLEMENTATIONS = YES;
				CLANG_WARN_DIRECT_OBJC_ISA_USAGE = YES_ERROR;
				CLANG_WARN_DOCUMENTATION_COMMENTS = YES;
				CLANG_WARN_EMPTY_BODY = YES;
				CLANG_WARN_ENUM_CONVERSION = YES;
				CLANG_WARN_INFINITE_RECURSION = YES;
				CLANG_WARN_INT_CONVERSION = YES;
				CLANG_WARN_NON_LITERAL_NULL_CONVERSION = YES;
				CLANG_WARN_OBJC_IMPLICIT_RETAIN_SELF = YES;
				CLANG_WARN_OBJC_LITERAL_CONVERSION = YES;
				CLANG_WARN_OBJC_ROOT_CLASS = YES_ERROR;
				CLANG_WARN_RANGE_LOOP_ANALYSIS = YES;
				CLANG_WARN_STRICT_PROTOTYPES = YES;
				CLANG_WARN_SUSPICIOUS_MOVE = YES;
				CLANG_WARN_UNGUARDED_AVAILABILITY = YES_AGGRESSIVE;
				CLANG_WARN_UNREACHABLE_CODE = YES;
				CLANG_WARN__DUPLICATE_METHOD_MATCH = YES;
				CODE_SIGN_IDENTITY = "iPhone Developer";
				COPY_PHASE_STRIP = NO;
				DEBUG_INFORMATION_FORMAT = "dwarf-with-dsym";
				ENABLE_NS_ASSERTIONS = NO;
				ENABLE_STRICT_OBJC_MSGSEND = YES;
				GCC_C_LANGUAGE_STANDARD = gnu11;
				GCC_NO_COMMON_BLOCKS = YES;
				GCC_WARN_64_TO_32_BIT_CONVERSION = YES;
				GCC_WARN_ABOUT_RETURN_TYPE = YES_ERROR;
				GCC_WARN_UNDECLARED_SELECTOR = YES;
				GCC_WARN_UNINITIALIZED_AUTOS = YES_AGGRESSIVE;
				GCC_WARN_UNUSED_FUNCTION = YES;
				GCC_WARN_UNUSED_VARIABLE = YES;
				IPHONEOS_DEPLOYMENT_TARGET = 12.2;
				MTL_ENABLE_DEBUG_INFO = NO;
				MTL_FAST_MATH = YES;
				SDKROOT = iphoneos;
				SWIFT_COMPILATION_MODE = wholemodule;
				SWIFT_OPTIMIZATION_LEVEL = "-O";
				VALIDATE_PRODUCT = YES;
			};
			name = Release;
		};
		568A2C86224BD85D005DAD9E /* Debug */ = {
			isa = XCBuildConfiguration;
			buildSettings = {
				ASSETCATALOG_COMPILER_APPICON_NAME = AppIcon;
				CODE_SIGN_ENTITLEMENTS = TestBuildAndSign/TestBuildAndSign.entitlements;
				CODE_SIGN_IDENTITY = "iPhone Distribution";
				CODE_SIGN_STYLE = Manual;
				CURRENT_PROJECT_VERSION = 5;
				DEVELOPMENT_TEAM = L796QSLV3E;
				INFOPLIST_FILE = TestBuildAndSign/Info.plist;
				LD_RUNPATH_SEARCH_PATHS = (
					"$(inherited)",
					"@executable_path/Frameworks",
				);
				PRODUCT_BUNDLE_IDENTIFIER = ca.bc.gov.pathfinder.TestBuildAndSign;
				PRODUCT_NAME = "$(TARGET_NAME)";
				PROVISIONING_PROFILE_SPECIFIER = "Test Build & Sign";
				SWIFT_VERSION = 5.0;
				TARGETED_DEVICE_FAMILY = "1,2";
			};
			name = Debug;
		};
		568A2C87224BD85D005DAD9E /* Release */ = {
			isa = XCBuildConfiguration;
			buildSettings = {
				ASSETCATALOG_COMPILER_APPICON_NAME = AppIcon;
				CODE_SIGN_ENTITLEMENTS = TestBuildAndSign/TestBuildAndSign.entitlements;
				CODE_SIGN_IDENTITY = "iPhone Distribution";
				CODE_SIGN_STYLE = Manual;
				CURRENT_PROJECT_VERSION = 5;
				DEVELOPMENT_TEAM = L796QSLV3E;
				INFOPLIST_FILE = TestBuildAndSign/Info.plist;
				LD_RUNPATH_SEARCH_PATHS = (
					"$(inherited)",
					"@executable_path/Frameworks",
				);
				PRODUCT_BUNDLE_IDENTIFIER = ca.bc.gov.pathfinder.TestBuildAndSign;
				PRODUCT_NAME = "$(TARGET_NAME)";
				PROVISIONING_PROFILE_SPECIFIER = "Test Build & Sign";
				SWIFT_VERSION = 5.0;
				TARGETED_DEVICE_FAMILY = "1,2";
			};
			name = Release;
		};
/* End XCBuildConfiguration section */

/* Begin XCConfigurationList section */
		568A2C6E224BD85B005DAD9E /* Build configuration list for PBXProject "TestBuildAndSign" */ = {
			isa = XCConfigurationList;
			buildConfigurations = (
				568A2C83224BD85D005DAD9E /* Debug */,
				568A2C84224BD85D005DAD9E /* Release */,
			);
			defaultConfigurationIsVisible = 0;
			defaultConfigurationName = Release;
		};
		568A2C85224BD85D005DAD9E /* Build configuration list for PBXNativeTarget "TestBuildAndSign" */ = {
			isa = XCConfigurationList;
			buildConfigurations = (
				568A2C86224BD85D005DAD9E /* Debug */,
				568A2C87224BD85D005DAD9E /* Release */,
			);
			defaultConfigurationIsVisible = 0;
			defaultConfigurationName = Release;
		};
/* End XCConfigurationList section */
	};
	rootObject = 568A2C6B224BD85B005DAD9E /* Project object */;
}
